
Microsoft Visual Studio Solution File, Format Version 12.00
# Visual Studio Version 17
VisualStudioVersion = 17.11.35431.28
MinimumVisualStudioVersion = 10.0.40219.1
Project("{FAE04EC0-301F-11D3-BF4B-00C04F79EFBC}") = "CarBookingSystemAPI", "CarBookingSystemAPI\CarBookingSystemAPI.csproj", "{2135B5A3-3DA2-403E-8FEB-F988C2601679}"
EndProject
Global
	GlobalSection(SolutionConfigurationPlatforms) = preSolution
		Debug|Any CPU = Debug|Any CPU
		Release|Any CPU = Release|Any CPU
	EndGlobalSection
	GlobalSection(ProjectConfigurationPlatforms) = postSolution
		{2135B5A3-3DA2-403E-8FEB-F988C2601679}.Debug|Any CPU.ActiveCfg = Debug|Any CPU
		{2135B5A3-3DA2-403E-8FEB-F988C2601679}.Debug|Any CPU.Build.0 = Debug|Any CPU
		{2135B5A3-3DA2-403E-8FEB-F988C2601679}.Release|Any CPU.ActiveCfg = Release|Any CPU
		{2135B5A3-3DA2-403E-8FEB-F988C2601679}.Release|Any CPU.Build.0 = Release|Any CPU
	EndGlobalSection
	GlobalSection(SolutionProperties) = preSolution
		HideSolutionNode = FALSE
	EndGlobalSection
	GlobalSection(ExtensibilityGlobals) = postSolution
		SolutionGuid = {ADA75EF4-1CEA-4E33-B9B2-7B105E6795C3}
	EndGlobalSection
EndGlobal
